// !$*UTF8*$!
{
	archiveVersion = 1;
	classes = {
	};
	objectVersion = 46;
	objects = {

/* Begin PBXBuildFile section */
		BF_280F2D23B499DE96FEAB0893FC4C4921 /* RNAWManager.h in CopyFiles */ = {isa = PBXBuildFile; fileRef = FR_F29FCDFD7DABE9A17932719435A307A9 /* RNAWManager.h */; };
		BF_7F0016D7EF9EBD7BFBEA34D1F7427FE6 /* RNAWManager.m in Sources */ = {isa = PBXBuildFile; fileRef = FR_609EC7693712EC2B17531A07DC8DC593 /* RNAWManager.m */; };
/* End PBXBuildFile section */

/* Begin PBXCopyFilesBuildPhase section */
		CFBP_C6D83F80DF1FCD46C90F9BB5BE173E3C /* CopyFiles */ = {
			isa = PBXCopyFilesBuildPhase;
			buildActionMask = 2147483647;
			dstPath = "include/$(PRODUCT_NAME)";
			dstSubfolderSpec = 16;
			files = (
				BF_280F2D23B499DE96FEAB0893FC4C4921 /* RNAWManager.h in CopyFiles */,
			);
			runOnlyForDeploymentPostprocessing = 0;
		};
/* End PBXCopyFilesBuildPhase section */

/* Begin PBXFileReference section */
		FR_609EC7693712EC2B17531A07DC8DC593 /* RNAWManager.m */ = {isa = PBXFileReference; lastKnownFileType = sourcecode.c.objc; path = RNAWManager.m; sourceTree = "<group>"; };
		FR_9AFE92DAA30E056C2325929684CD6A87 /* RNAW.a */ = {isa = PBXFileReference; includeInIndex = 0; lastKnownFileType = archive.ar; path = RNAW.a; sourceTree = BUILT_PRODUCTS_DIR; };
		FR_F29FCDFD7DABE9A17932719435A307A9 /* RNAWManager.h */ = {isa = PBXFileReference; lastKnownFileType = sourcecode.c.h; path = RNAWManager.h; sourceTree = "<group>"; };
/* End PBXFileReference section */

/* Begin PBXGroup section */
		G_8587C528319B471691AF912AB9C49D3F /* Products */ = {
			isa = PBXGroup;
			children = (
				FR_9AFE92DAA30E056C2325929684CD6A87 /* RNAW.a */,
			);
			name = Products;
			sourceTree = "<group>";
		};
		G_9DDBDC76F32989B32821F6D705316463 = {
			isa = PBXGroup;
			children = (
				G_ACE1355E48FFF3ADF2E3FF90548ECEA6 /* RNAW */,
				G_8587C528319B471691AF912AB9C49D3F /* Products */,
			);
			sourceTree = "<group>";
		};
		G_ACE1355E48FFF3ADF2E3FF90548ECEA6 /* RNAW */ = {
			isa = PBXGroup;
			children = (
				FR_F29FCDFD7DABE9A17932719435A307A9 /* RNAWManager.h */,
				FR_609EC7693712EC2B17531A07DC8DC593 /* RNAWManager.m */,
			);
			path = RNAW;
			sourceTree = "<group>";
		};
/* End PBXGroup section */

/* Begin PBXNativeTarget section */
		NT_F608FF6982D21F6A5B203F63600BF190 /* RNAW */ = {
			isa = PBXNativeTarget;
			buildConfigurationList = CL_81C7ADF023D6F4EB2509B368B26B5FC9 /* Build configuration list for PBXNativeTarget "RNAW" */;
			buildPhases = (
				CFBP_C6D83F80DF1FCD46C90F9BB5BE173E3C /* CopyFiles */,
				SBP_A8299DEFF13CF74717111721CBCDA348 /* Sources */,
			);
			buildRules = (
			);
			dependencies = (
			);
			name = RNAW;
			productName = RNAW;
			productReference = FR_9AFE92DAA30E056C2325929684CD6A87 /* RNAW.a */;
			productType = "com.apple.product-type.library.static";
		};
/* End PBXNativeTarget section */

/* Begin PBXProject section */
		P_BACB3ACB154C1B611CCB5C65FE936670 /* Project object */ = {
			isa = PBXProject;
			attributes = {
				LastUpgradeCheck = 1000;
			};
			buildConfigurationList = CL_AEEBE4095A8ED45D23F718859C9652C5 /* Build configuration list for PBXProject "RNAW" */;
			compatibilityVersion = "Xcode 3.2";
			developmentRegion = en;
			hasScannedForEncodings = 0;
			knownRegions = (
				en,
			);
			mainGroup = G_9DDBDC76F32989B32821F6D705316463;
			projectDirPath = "";
			projectRoot = "";
			targets = (
				NT_F608FF6982D21F6A5B203F63600BF190 /* RNAW */,
			);
		};
/* End PBXProject section */

/* Begin PBXSourcesBuildPhase section */
		SBP_A8299DEFF13CF74717111721CBCDA348 /* Sources */ = {
			isa = PBXSourcesBuildPhase;
			buildActionMask = 2147483647;
			files = (
				BF_7F0016D7EF9EBD7BFBEA34D1F7427FE6 /* RNAWManager.m in Sources */,
			);
			runOnlyForDeploymentPostprocessing = 0;
		};
/* End PBXSourcesBuildPhase section */

/* Begin XCBuildConfiguration section */
		BC_39FB68289E34248B0DB1F58D0C22372F /* Release */ = {
			isa = XCBuildConfiguration;
			buildSettings = {
				ALWAYS_SEARCH_USER_PATHS = NO;
				CLANG_ANALYZER_NONNULL = YES;
				CLANG_ANALYZER_NUMBER_OBJECT_CONVERSION = YES_AGGRESSIVE;
				CLANG_CXX_LANGUAGE_STANDARD = "gnu++14";
				CLANG_CXX_LIBRARY = "libc++";
				CLANG_ENABLE_MODULES = YES;
				CLANG_ENABLE_OBJC_ARC = YES;
				CLANG_WARN_BLOCK_CAPTURE_AUTORELEASING = YES;
				CLANG_WARN_BOOL_CONVERSION = YES;
				CLANG_WARN_COMMA = YES;
				CLANG_WARN_CONSTANT_CONVERSION = YES;
				CLANG_WARN_DEPRECATED_OBJC_IMPLEMENTATIONS = YES;
				CLANG_WARN_DIRECT_OBJC_ISA_USAGE = YES_ERROR;
				CLANG_WARN_DOCUMENTATION_COMMENTS = YES;
				CLANG_WARN_EMPTY_BODY = YES;
				CLANG_WARN_ENUM_CONVERSION = YES;
				CLANG_WARN_INFINITE_RECURSION = YES;
				CLANG_WARN_INT_CONVERSION = YES;
				CLANG_WARN_NON_LITERAL_NULL_CONVERSION = YES;
				CLANG_WARN_OBJC_IMPLICIT_RETAIN_SELF = YES;
				CLANG_WARN_OBJC_LITERAL_CONVERSION = YES;
				CLANG_WARN_OBJC_ROOT_CLASS = YES_ERROR;
				CLANG_WARN_RANGE_LOOP_ANALYSIS = YES;
				CLANG_WARN_STRICT_PROTOTYPES = YES;
				CLANG_WARN_SUSPICIOUS_MOVE = YES;
				CLANG_WARN_UNGUARDED_AVAILABILITY = YES_AGGRESSIVE;
				CLANG_WARN_UNREACHABLE_CODE = YES;
				CLANG_WARN__DUPLICATE_METHOD_MATCH = YES;
				COPY_PHASE_STRIP = NO;
				DEBUG_INFORMATION_FORMAT = "dwarf-with-dsym";
				ENABLE_NS_ASSERTIONS = NO;
				ENABLE_STRICT_OBJC_MSGSEND = YES;
				GCC_C_LANGUAGE_STANDARD = gnu11;
				GCC_NO_COMMON_BLOCKS = YES;
				GCC_WARN_64_TO_32_BIT_CONVERSION = YES;
				GCC_WARN_ABOUT_RETURN_TYPE = YES_ERROR;
				GCC_WARN_UNDECLARED_SELECTOR = YES;
				GCC_WARN_UNINITIALIZED_AUTOS = YES_AGGRESSIVE;
				GCC_WARN_UNUSED_FUNCTION = YES;
				GCC_WARN_UNUSED_VARIABLE = YES;
				PRODUCT_NAME = "$(TARGET_NAME)";
				SDKROOT = iphoneos;
				SWIFT_OPTIMIZATION_LEVEL = "-Owholemodule";
				SWIFT_VERSION = 4.2;
				VALIDATE_PRODUCT = YES;
			};
			name = Release;
		};
		BC_86CD11925A4C018FD2D6EBDABC9D13BE /* Debug */ = {
			isa = XCBuildConfiguration;
			buildSettings = {
				ALWAYS_SEARCH_USER_PATHS = NO;
				CLANG_ANALYZER_NONNULL = YES;
				CLANG_ANALYZER_NUMBER_OBJECT_CONVERSION = YES_AGGRESSIVE;
				CLANG_CXX_LANGUAGE_STANDARD = "gnu++14";
				CLANG_CXX_LIBRARY = "libc++";
				CLANG_ENABLE_MODULES = YES;
				CLANG_ENABLE_OBJC_ARC = YES;
				CLANG_WARN_BLOCK_CAPTURE_AUTORELEASING = YES;
				CLANG_WARN_BOOL_CONVERSION = YES;
				CLANG_WARN_COMMA = YES;
				CLANG_WARN_CONSTANT_CONVERSION = YES;
				CLANG_WARN_DEPRECATED_OBJC_IMPLEMENTATIONS = YES;
				CLANG_WARN_DIRECT_OBJC_ISA_USAGE = YES_ERROR;
				CLANG_WARN_DOCUMENTATION_COMMENTS = YES;
				CLANG_WARN_EMPTY_BODY = YES;
				CLANG_WARN_ENUM_CONVERSION = YES;
				CLANG_WARN_INFINITE_RECURSION = YES;
				CLANG_WARN_INT_CONVERSION = YES;
				CLANG_WARN_NON_LITERAL_NULL_CONVERSION = YES;
				CLANG_WARN_OBJC_IMPLICIT_RETAIN_SELF = YES;
				CLANG_WARN_OBJC_LITERAL_CONVERSION = YES;
				CLANG_WARN_OBJC_ROOT_CLASS = YES_ERROR;
				CLANG_WARN_RANGE_LOOP_ANALYSIS = YES;
				CLANG_WARN_STRICT_PROTOTYPES = YES;
				CLANG_WARN_SUSPICIOUS_MOVE = YES;
				CLANG_WARN_UNGUARDED_AVAILABILITY = YES_AGGRESSIVE;
				CLANG_WARN_UNREACHABLE_CODE = YES;
				CLANG_WARN__DUPLICATE_METHOD_MATCH = YES;
				COPY_PHASE_STRIP = NO;
				DEBUG_INFORMATION_FORMAT = dwarf;
				ENABLE_STRICT_OBJC_MSGSEND = YES;
				ENABLE_TESTABILITY = YES;
				GCC_C_LANGUAGE_STANDARD = gnu11;
				GCC_DYNAMIC_NO_PIC = NO;
				GCC_NO_COMMON_BLOCKS = YES;
				GCC_OPTIMIZATION_LEVEL = 0;
				GCC_PREPROCESSOR_DEFINITIONS = (
					"$(inherited)",
					"DEBUG=1",
				);
				GCC_WARN_64_TO_32_BIT_CONVERSION = YES;
				GCC_WARN_ABOUT_RETURN_TYPE = YES_ERROR;
				GCC_WARN_UNDECLARED_SELECTOR = YES;
				GCC_WARN_UNINITIALIZED_AUTOS = YES_AGGRESSIVE;
				GCC_WARN_UNUSED_FUNCTION = YES;
				GCC_WARN_UNUSED_VARIABLE = YES;
				MTL_ENABLE_DEBUG_INFO = YES;
				ONLY_ACTIVE_ARCH = YES;
				PRODUCT_NAME = "$(TARGET_NAME)";
				SDKROOT = iphoneos;
				SWIFT_ACTIVE_COMPILATION_CONDITIONS = DEBUG;
				SWIFT_OPTIMIZATION_LEVEL = "-Onone";
				SWIFT_VERSION = 4.2;
			};
			name = Debug;
		};
		BC_C3B6FDADB740D353270D0EF3051231BC /* Release */ = {
			isa = XCBuildConfiguration;
			buildSettings = {
				IPHONEOS_DEPLOYMENT_TARGET = 10.0;
				LD_RUNPATH_SEARCH_PATHS = "$(inherited) @executable_path/Frameworks";
				PRODUCT_BUNDLE_IDENTIFIER = org.vovkasm.rnaw.RNAW;
				SDKROOT = iphoneos;
				SKIP_INSTALL = YES;
				TARGETED_DEVICE_FAMILY = "1,2";
			};
			name = Release;
		};
		BC_E960BC33E3F080EA3618E22348AA9D32 /* Debug */ = {
			isa = XCBuildConfiguration;
			buildSettings = {
				IPHONEOS_DEPLOYMENT_TARGET = 10.0;
				LD_RUNPATH_SEARCH_PATHS = "$(inherited) @executable_path/Frameworks";
				PRODUCT_BUNDLE_IDENTIFIER = org.vovkasm.rnaw.RNAW;
				SDKROOT = iphoneos;
				SKIP_INSTALL = YES;
				TARGETED_DEVICE_FAMILY = "1,2";
			};
			name = Debug;
		};
/* End XCBuildConfiguration section */

/* Begin XCConfigurationList section */
		CL_81C7ADF023D6F4EB2509B368B26B5FC9 /* Build configuration list for PBXNativeTarget "RNAW" */ = {
			isa = XCConfigurationList;
			buildConfigurations = (
				BC_E960BC33E3F080EA3618E22348AA9D32 /* Debug */,
				BC_C3B6FDADB740D353270D0EF3051231BC /* Release */,
			);
			defaultConfigurationIsVisible = 0;
			defaultConfigurationName = "";
		};
		CL_AEEBE4095A8ED45D23F718859C9652C5 /* Build configuration list for PBXProject "RNAW" */ = {
			isa = XCConfigurationList;
			buildConfigurations = (
				BC_86CD11925A4C018FD2D6EBDABC9D13BE /* Debug */,
				BC_39FB68289E34248B0DB1F58D0C22372F /* Release */,
			);
			defaultConfigurationIsVisible = 0;
			defaultConfigurationName = Debug;
		};
/* End XCConfigurationList section */
	};
	rootObject = P_BACB3ACB154C1B611CCB5C65FE936670 /* Project object */;
}
